PODS:
  - biometric_storage (0.0.1):
    - Flutter
  - Flutter (1.0.0)
  - qrcode_reader (0.0.1):
    - Flutter

DEPENDENCIES:
  - biometric_storage (from `.symlinks/plugins/biometric_storage/ios`)
  - Flutter (from `Flutter`)
  - qrcode_reader (from `.symlinks/plugins/qrcode_reader/ios`)

EXTERNAL SOURCES:
  biometric_storage:
    :path: ".symlinks/plugins/biometric_storage/ios"
  Flutter:
    :path: Flutter
  qrcode_reader:
    :path: ".symlinks/plugins/qrcode_reader/ios"

SPEC CHECKSUMS:
  biometric_storage: 1400f1382af3a4cc2bf05340e13c3d8de873ceb9
  Flutter: 434fef37c0980e73bb6479ef766c45957d4b510c
  qrcode_reader: 09b34d43b4c08fe5b63a6e56c96789bcea7b9148

PODFILE CHECKSUM: aafe91acc616949ddb318b77800a7f51bffa2a4c

COCOAPODS: 1.10.1
